
Microsoft Visual Studio Solution File, Format Version 12.00
# Visual Studio Version 17
VisualStudioVersion = 17.8.34330.188
MinimumVisualStudioVersion = 10.0.40219.1
Project("{FAE04EC0-301F-11D3-BF4B-00C04F79EFBC}") = "NZWalks.API", "NZWalks.API\NZWalks.API.csproj", "{FEDA8B33-5102-45DA-88E1-9698D9898428}"
EndProject
Global
	GlobalSection(SolutionConfigurationPlatforms) = preSolution
		Debug|Any CPU = Debug|Any CPU
		Release|Any CPU = Release|Any CPU
	EndGlobalSection
	GlobalSection(ProjectConfigurationPlatforms) = postSolution
		{FEDA8B33-5102-45DA-88E1-9698D9898428}.Debug|Any CPU.ActiveCfg = Debug|Any CPU
		{FEDA8B33-5102-45DA-88E1-9698D9898428}.Debug|Any CPU.Build.0 = Debug|Any CPU
		{FEDA8B33-5102-45DA-88E1-9698D9898428}.Release|Any CPU.ActiveCfg = Release|Any CPU
		{FEDA8B33-5102-45DA-88E1-9698D9898428}.Release|Any CPU.Build.0 = Release|Any CPU
	EndGlobalSection
	GlobalSection(SolutionProperties) = preSolution
		HideSolutionNode = FALSE
	EndGlobalSection
	GlobalSection(ExtensibilityGlobals) = postSolution
		SolutionGuid = {6D2D223F-7DE0-42D7-A6BD-956468427712}
	EndGlobalSection
EndGlobal
